# THIS IS AN AUTOGENERATED FILE. DO NOT EDIT THIS FILE DIRECTLY.
# yarn lockfile v1


"@radix-ui/react-compose-refs@1.1.0":
  version "1.1.0"
  resolved "https://registry.yarnpkg.com/@radix-ui/react-compose-refs/-/react-compose-refs-1.1.0.tgz#656432461fc8283d7b591dcf0d79152fae9ecc74"
  integrity sha512-b4inOtiaOnYf9KWyO3jAeeCG6FeyfY6ldiEPanbUjWd+xIk5wZeHa8yVwmrJ2vderhu/BQvzCrJI0lHd+wIiqw==

"@radix-ui/react-slot@^1.1.0":
  version "1.1.0"
  resolved "https://registry.yarnpkg.com/@radix-ui/react-slot/-/react-slot-1.1.0.tgz#7c5e48c36ef5496d97b08f1357bb26ed7c714b84"
  integrity sha512-FUCf5XMfmW4dtYl69pdS4DbxKy8nj4M7SafBgPllysxmdachynNflAdp/gCsnYWNDnge6tI9onzMp5ARYc1KNw==
  dependencies:
    "@radix-ui/react-compose-refs" "1.1.0"

class-variance-authority@^0.7.0:
  version "0.7.0"
  resolved "https://registry.yarnpkg.com/class-variance-authority/-/class-variance-authority-0.7.0.tgz#1c3134d634d80271b1837452b06d821915954522"
  integrity sha512-jFI8IQw4hczaL4ALINxqLEXQbWcNjoSkloa4IaufXCJr6QawJyw7tuRysRsrE8w2p/4gGaxKIt/hX3qz/IbD1A==
  dependencies:
    clsx "2.0.0"

clsx@2.0.0:
  version "2.0.0"
  resolved "https://registry.yarnpkg.com/clsx/-/clsx-2.0.0.tgz#12658f3fd98fafe62075595a5c30e43d18f3d00b"
  integrity sha512-rQ1+kcj+ttHG0MKVGBUXwayCCF1oh39BF5COIpRzuCEv8Mwjv0XucrI2ExNTOn9IlLifGClWQcU9BrZORvtw6Q==

lucide-react@^0.453.0:
  version "0.453.0"
  resolved "https://registry.yarnpkg.com/lucide-react/-/lucide-react-0.453.0.tgz#d37909a45a29d89680383a202ee861224b05ba6a"
  integrity sha512-kL+RGZCcJi9BvJtzg2kshO192Ddy9hv3ij+cPrVPWSRzgCWCVazoQJxOjAwgK53NomL07HB7GPHW120FimjNhQ==
